
Microsoft Visual Studio Solution File, Format Version 12.00
# Visual Studio 14
VisualStudioVersion = 14.0.25420.1
MinimumVisualStudioVersion = 10.0.40219.1
Project("{FAE04EC0-301F-11D3-BF4B-00C04F79EFBC}") = "Rule1Example", "Rule1Example\Rule1Example.csproj", "{40949CF4-8F02-4564-B4BF-67A81A65442E}"
EndProject
Project("{FAE04EC0-301F-11D3-BF4B-00C04F79EFBC}") = "Rule2Example", "Rule2Example\Rule2Example.csproj", "{A32714DB-0847-4D9E-81A2-27C7F9AFFF91}"
EndProject
Project("{FAE04EC0-301F-11D3-BF4B-00C04F79EFBC}") = "Rule3Example", "Rule3Example\Rule3Example.csproj", "{14006CA0-0D8A-4394-A298-2CB0047CB3C6}"
EndProject
Project("{FAE04EC0-301F-11D3-BF4B-00C04F79EFBC}") = "Rule5Example", "Rule5Example\Rule5Example.csproj", "{1E9391C4-BE4A-4DF8-92EF-580FFB2FBE41}"
EndProject
Project("{FAE04EC0-301F-11D3-BF4B-00C04F79EFBC}") = "Rule7Example", "Rule8Example\Rule7Example.csproj", "{5B5102AD-8CFA-4F26-8931-AA351D43BB4B}"
EndProject
Global
	GlobalSection(SolutionConfigurationPlatforms) = preSolution
		Debug|Any CPU = Debug|Any CPU
		Release|Any CPU = Release|Any CPU
	EndGlobalSection
	GlobalSection(ProjectConfigurationPlatforms) = postSolution
		{40949CF4-8F02-4564-B4BF-67A81A65442E}.Debug|Any CPU.ActiveCfg = Debug|Any CPU
		{40949CF4-8F02-4564-B4BF-67A81A65442E}.Debug|Any CPU.Build.0 = Debug|Any CPU
		{40949CF4-8F02-4564-B4BF-67A81A65442E}.Release|Any CPU.ActiveCfg = Release|Any CPU
		{40949CF4-8F02-4564-B4BF-67A81A65442E}.Release|Any CPU.Build.0 = Release|Any CPU
		{A32714DB-0847-4D9E-81A2-27C7F9AFFF91}.Debug|Any CPU.ActiveCfg = Debug|Any CPU
		{A32714DB-0847-4D9E-81A2-27C7F9AFFF91}.Debug|Any CPU.Build.0 = Debug|Any CPU
		{A32714DB-0847-4D9E-81A2-27C7F9AFFF91}.Release|Any CPU.ActiveCfg = Release|Any CPU
		{A32714DB-0847-4D9E-81A2-27C7F9AFFF91}.Release|Any CPU.Build.0 = Release|Any CPU
		{14006CA0-0D8A-4394-A298-2CB0047CB3C6}.Debug|Any CPU.ActiveCfg = Debug|Any CPU
		{14006CA0-0D8A-4394-A298-2CB0047CB3C6}.Debug|Any CPU.Build.0 = Debug|Any CPU
		{14006CA0-0D8A-4394-A298-2CB0047CB3C6}.Release|Any CPU.ActiveCfg = Release|Any CPU
		{14006CA0-0D8A-4394-A298-2CB0047CB3C6}.Release|Any CPU.Build.0 = Release|Any CPU
		{1E9391C4-BE4A-4DF8-92EF-580FFB2FBE41}.Debug|Any CPU.ActiveCfg = Debug|Any CPU
		{1E9391C4-BE4A-4DF8-92EF-580FFB2FBE41}.Debug|Any CPU.Build.0 = Debug|Any CPU
		{1E9391C4-BE4A-4DF8-92EF-580FFB2FBE41}.Release|Any CPU.ActiveCfg = Release|Any CPU
		{1E9391C4-BE4A-4DF8-92EF-580FFB2FBE41}.Release|Any CPU.Build.0 = Release|Any CPU
		{5B5102AD-8CFA-4F26-8931-AA351D43BB4B}.Debug|Any CPU.ActiveCfg = Debug|Any CPU
		{5B5102AD-8CFA-4F26-8931-AA351D43BB4B}.Debug|Any CPU.Build.0 = Debug|Any CPU
		{5B5102AD-8CFA-4F26-8931-AA351D43BB4B}.Release|Any CPU.ActiveCfg = Release|Any CPU
		{5B5102AD-8CFA-4F26-8931-AA351D43BB4B}.Release|Any CPU.Build.0 = Release|Any CPU
	EndGlobalSection
	GlobalSection(SolutionProperties) = preSolution
		HideSolutionNode = FALSE
	EndGlobalSection
EndGlobal
